
Microsoft Visual Studio Solution File, Format Version 12.00
# Visual Studio 2013
VisualStudioVersion = 12.0.31101.0
MinimumVisualStudioVersion = 10.0.40219.1
Project("{FAE04EC0-301F-11D3-BF4B-00C04F79EFBC}") = "MQMS", "MQMS\MQMS.csproj", "{C7C7E9DF-5123-4F71-916C-ECD880C45C98}"
EndProject
Project("{FAE04EC0-301F-11D3-BF4B-00C04F79EFBC}") = "MQMS.Tests", "MQMS.Tests\MQMS.Tests.csproj", "{3ABCA0AA-1D5B-4D91-964F-C095B1345A28}"
EndProject
Global
	GlobalSection(SolutionConfigurationPlatforms) = preSolution
		Debug|Any CPU = Debug|Any CPU
		Release|Any CPU = Release|Any CPU
	EndGlobalSection
	GlobalSection(ProjectConfigurationPlatforms) = postSolution
		{C7C7E9DF-5123-4F71-916C-ECD880C45C98}.Debug|Any CPU.ActiveCfg = Debug|Any CPU
		{C7C7E9DF-5123-4F71-916C-ECD880C45C98}.Debug|Any CPU.Build.0 = Debug|Any CPU
		{C7C7E9DF-5123-4F71-916C-ECD880C45C98}.Release|Any CPU.ActiveCfg = Release|Any CPU
		{C7C7E9DF-5123-4F71-916C-ECD880C45C98}.Release|Any CPU.Build.0 = Release|Any CPU
		{3ABCA0AA-1D5B-4D91-964F-C095B1345A28}.Debug|Any CPU.ActiveCfg = Debug|Any CPU
		{3ABCA0AA-1D5B-4D91-964F-C095B1345A28}.Debug|Any CPU.Build.0 = Debug|Any CPU
		{3ABCA0AA-1D5B-4D91-964F-C095B1345A28}.Release|Any CPU.ActiveCfg = Release|Any CPU
		{3ABCA0AA-1D5B-4D91-964F-C095B1345A28}.Release|Any CPU.Build.0 = Release|Any CPU
	EndGlobalSection
	GlobalSection(SolutionProperties) = preSolution
		HideSolutionNode = FALSE
	EndGlobalSection
EndGlobal
